
Microsoft Visual Studio Solution File, Format Version 12.00
# Visual Studio Version 17
VisualStudioVersion = 17.5.002.0
MinimumVisualStudioVersion = 10.0.40219.1
Project("{9A19103F-16F7-4668-BE54-9A1E7A4F7556}") = "SuperMarioBros", "SuperMarioBros.csproj", "{A76CDF04-307A-43C3-B684-CF430913490D}"
EndProject
Global
	GlobalSection(SolutionConfigurationPlatforms) = preSolution
		Debug|Any CPU = Debug|Any CPU
		Release|Any CPU = Release|Any CPU
	EndGlobalSection
	GlobalSection(ProjectConfigurationPlatforms) = postSolution
		{A76CDF04-307A-43C3-B684-CF430913490D}.Debug|Any CPU.ActiveCfg = Debug|Any CPU
		{A76CDF04-307A-43C3-B684-CF430913490D}.Debug|Any CPU.Build.0 = Debug|Any CPU
		{A76CDF04-307A-43C3-B684-CF430913490D}.Release|Any CPU.ActiveCfg = Release|Any CPU
		{A76CDF04-307A-43C3-B684-CF430913490D}.Release|Any CPU.Build.0 = Release|Any CPU
	EndGlobalSection
	GlobalSection(SolutionProperties) = preSolution
		HideSolutionNode = FALSE
	EndGlobalSection
	GlobalSection(ExtensibilityGlobals) = postSolution
		SolutionGuid = {C516D134-5AFA-4A75-A9FD-FAF6768798C5}
	EndGlobalSection
EndGlobal
